{
  "name": "wasi-hello-world",
  "version": "1.0.0",
  "lockfileVersion": 2,
  "requires": true,
  "packages": {
    "": {
      "name": "wasi-hello-world",
      "version": "1.0.0",
      "license": "MIT",
      "dependencies": {
        "as-wasi": "^0.4.6"
      },
      "devDependencies": {
        "assemblyscript": "^0.19.10"
      }
    },
    "node_modules/as-wasi": {
      "version": "0.4.6",
      "resolved": "https://registry.npmjs.org/as-wasi/-/as-wasi-0.4.6.tgz",
      "integrity": "sha512-HFWdxLVHrOfchf/M+gE2IczsHBkWXqekZZfHYmDj6WP1UnpQC4k44OeyjqmSwC/db1tppEwCUssDCuFGnMdJZw=="
    },
    "node_modules/assemblyscript": {
      "version": "0.19.10",
      "resolved": "https://registry.npmjs.org/assemblyscript/-/assemblyscript-0.19.10.tgz",
      "integrity": "sha512-HavcUBXB3mBTRGJcpvaQjmnmaqKHBGREjSPNsIvnAk2f9dj78y4BkMaSSdvBQYWcDDzsHQjyUC8stICFkD1Odg==",
      "dev": true,
      "dependencies": {
        "binaryen": "101.0.0-nightly.20210723",
        "long": "^4.0.0"
      },
      "bin": {
        "asc": "bin/asc",
        "asinit": "bin/asinit"
      },
      "funding": {
        "type": "opencollective",
        "url": "https://opencollective.com/assemblyscript"
      }
    },
    "node_modules/binaryen": {
      "version": "101.0.0-nightly.20210723",
      "resolved": "https://registry.npmjs.org/binaryen/-/binaryen-101.0.0-nightly.20210723.tgz",
      "integrity": "sha512-eioJNqhHlkguVSbblHOtLqlhtC882SOEPKmNFZaDuz1hzQjolxZ+eu3/kaS10n3sGPONsIZsO7R9fR00UyhEUA==",
      "dev": true,
      "bin": {
        "wasm-opt": "bin/wasm-opt"
      }
    },
    "node_modules/long": {
      "version": "4.0.0",
      "resolved": "https://registry.npmjs.org/long/-/long-4.0.0.tgz",
      "integrity": "sha512-XsP+KhQif4bjX1kbuSiySJFNAehNxgLb6hPRGJ9QsUr8ajHkuXGdrHmFUTUUXhDwVX2R5bY4JNZEwbUiMhV+MA==",
      "dev": true
    }
  },
  "dependencies": {
    "as-wasi": {
      "version": "0.4.6",
      "resolved": "https://registry.npmjs.org/as-wasi/-/as-wasi-0.4.6.tgz",
      "integrity": "sha512-HFWdxLVHrOfchf/M+gE2IczsHBkWXqekZZfHYmDj6WP1UnpQC4k44OeyjqmSwC/db1tppEwCUssDCuFGnMdJZw=="
    },
    "assemblyscript": {
      "version": "0.19.10",
      "resolved": "https://registry.npmjs.org/assemblyscript/-/assemblyscript-0.19.10.tgz",
      "integrity": "sha512-HavcUBXB3mBTRGJcpvaQjmnmaqKHBGREjSPNsIvnAk2f9dj78y4BkMaSSdvBQYWcDDzsHQjyUC8stICFkD1Odg==",
      "dev": true,
      "requires": {
        "binaryen": "101.0.0-nightly.20210723",
        "long": "^4.0.0"
      }
    },
    "binaryen": {
      "version": "101.0.0-nightly.20210723",
      "resolved": "https://registry.npmjs.org/binaryen/-/binaryen-101.0.0-nightly.20210723.tgz",
      "integrity": "sha512-eioJNqhHlkguVSbblHOtLqlhtC882SOEPKmNFZaDuz1hzQjolxZ+eu3/kaS10n3sGPONsIZsO7R9fR00UyhEUA==",
      "dev": true
    },
    "long": {
      "version": "4.0.0",
      "resolved": "https://registry.npmjs.org/long/-/long-4.0.0.tgz",
      "integrity": "sha512-XsP+KhQif4bjX1kbuSiySJFNAehNxgLb6hPRGJ9QsUr8ajHkuXGdrHmFUTUUXhDwVX2R5bY4JNZEwbUiMhV+MA==",
      "dev": true
    }
  }
}
