{
  "name": "wasi-hello-world",
  "version": "1.0.0",
  "lockfileVersion": 1,
  "requires": true,
  "dependencies": {
    "as-wasi": {
      "version": "0.1.1",
      "resolved": "https://registry.npmjs.org/as-wasi/-/as-wasi-0.1.1.tgz",
      "integrity": "sha512-7PrSjsD/K2Pg95/2fu+4RJCfZLiuM0w0k5lMceaCf73EvH+7WPQTM1WW/vS0cizRTaEDj8Wz5ttoZBJSvsZpBQ=="
    },
    "assemblyscript": {
      "version": "0.10.0",
      "resolved": "https://registry.npmjs.org/assemblyscript/-/assemblyscript-0.10.0.tgz",
      "integrity": "sha512-ErUNhHboD+zsB4oG6X1YICDAIo27Gq7LeNX6jVe+Q0W5cI51/fHwC8yJ68IukqvupmZgYPdp1JqqRXlS+BrUfA==",
      "dev": true,
      "requires": {
        "binaryen": "93.0.0-nightly.20200514",
        "long": "^4.0.0"
      }
    },
    "binaryen": {
      "version": "93.0.0-nightly.20200514",
      "resolved": "https://registry.npmjs.org/binaryen/-/binaryen-93.0.0-nightly.20200514.tgz",
      "integrity": "sha512-SRRItmNvhRVfoWWbRloO4i8IqkKH8rZ7/0QWRgLpM3umupK8gBpo9MY7Zp3pDysRSp+rVoqxvM5x4tFyCSa9zw==",
      "dev": true
    },
    "long": {
      "version": "4.0.0",
      "resolved": "https://registry.npmjs.org/long/-/long-4.0.0.tgz",
      "integrity": "sha512-XsP+KhQif4bjX1kbuSiySJFNAehNxgLb6hPRGJ9QsUr8ajHkuXGdrHmFUTUUXhDwVX2R5bY4JNZEwbUiMhV+MA==",
      "dev": true
    }
  }
}
