# This file is automatically @generated by Cargo.
# It is not intended for manual editing.
version = 3

[[package]]
name = "proc-macro2"
version = "1.0.66"
source = "registry+https://github.com/rust-lang/crates.io-index"
checksum = "18fb31db3f9bddb2ea821cde30a9f70117e3f119938b5ee630b7403aa6e2ead9"
dependencies = [
 "unicode-ident",
]

[[package]]
name = "quote"
version = "1.0.32"
source = "registry+https://github.com/rust-lang/crates.io-index"
checksum = "50f3b39ccfb720540debaa0164757101c08ecb8d326b15358ce76a62c7e85965"
dependencies = [
 "proc-macro2",
]

[[package]]
name = "syn"
version = "2.0.28"
source = "registry+https://github.com/rust-lang/crates.io-index"
checksum = "04361975b3f5e348b2189d8dc55bc942f278b2d482a6a0365de5bdd62d351567"
dependencies = [
 "proc-macro2",
 "quote",
 "unicode-ident",
]

[[package]]
name = "thiserror"
version = "1.0.46"
source = "registry+https://github.com/rust-lang/crates.io-index"
checksum = "d9207952ae1a003f42d3d5e892dac3c6ba42aa6ac0c79a6a91a2b5cb4253e75c"
dependencies = [
 "thiserror-impl",
]

[[package]]
name = "thiserror-impl"
version = "1.0.46"
source = "registry+https://github.com/rust-lang/crates.io-index"
checksum = "f1728216d3244de4f14f14f8c15c79be1a7c67867d28d69b719690e2a19fb445"
dependencies = [
 "proc-macro2",
 "quote",
 "syn",
]

[[package]]
name = "unicode-ident"
version = "1.0.11"
source = "registry+https://github.com/rust-lang/crates.io-index"
checksum = "301abaae475aa91687eb82514b328ab47a211a533026cb25fc3e519b86adfc3c"

[[package]]
name = "wasi-nn"
version = "0.5.0"
source = "registry+https://github.com/rust-lang/crates.io-index"
checksum = "03d01b90f0cca3f19682e90e1bc3f5e3e441031e19e56ce7dbf034f3b3597552"
dependencies = [
 "thiserror",
]

[[package]]
name = "wasi-nn-example-named"
version = "0.0.0"
dependencies = [
 "wasi-nn",
]
