[clocks]
sha256 = "16155da02fdba4a51515b44dbd1c65e0909bb8c4d383bd32875c777044ce5389"
sha512 = "30efd2697885954f3846322adf94f28a28f958595708407696ef66e8fe5bb62c79525e6f13ec469476cba8f2a12d3d9aef8250b1fe04c90a28542d3245db11f2"

[filesystem]
sha256 = "a3f57790dfd6af70758df33df82aa064f915eb795b71a190f272f10da9cfc9df"
sha512 = "2b0059ffae0a4b1ce3bd8d489a40d08c1faa229bf1bb4cc8df0a98e0fd13d4694742117b2bc609d7fb75db1ed4aa148d3af7beca6a84866d87d65a1769b1d988"

[http]
sha256 = "b6a245b8f37f3be93650c1a8ae41c01923f3b7303bbf2d016d8d03a1c92b3c10"
sha512 = "e2e0612213bb1272153b3858b13110a7fee0d89dc97d0021ab5ccccc8822ccc1f1629c8fa8dc582862411b2517ef3f79e7e51986c946654bf6ddd3f390cf36f2"

[io]
sha256 = "87d8bf336f37184edc9290af9a14f7cac38c8fe087a786e66d08d1a94e48d186"
sha512 = "cdb5b35860c46c637ad37d784dd17f6023cf1c7c689d37973ec7c4094718baee4a16864e64622173b5578eed3950ad73211d9fe48a5b61b951809fdd9242b607"

[logging]
sha256 = "8c32c7f893c938e0b76cd42e3de97e268dfe8fd0e7525d1f42b7ad10a88b00bb"
sha512 = "e9ce2adf02bb518c179a40b7d7af84bf44b99b2098609a897a114fb5af24946992dd7bd08da02c60d2768963f94414a16165f11343ec053a44b9e586058c812a"

[poll]
sha256 = "9f2e6b5ea1a017575f96a3c415c737fe31513b043d9b47aefeb21f6c27ab8425"
sha512 = "f65965395742a0290fd9e4e55408c2b5ce3a4eae0ee22be1ff012e3db75910110da21c5f0a61083e043b4c510967a0a73ff4491ae9719e9158543f512dbeea5f"

[preview]
path = "../../../wit"
sha256 = "007d4902193faef77b2df60714a8dfe8ec243e030c1ce61fb11c52788e3a5fe0"
sha512 = "bd06e8338e7fad0fc2e56ae01c5b184282c66ca79d2040eaec5a11efb14a4002b2a6234baaf354aff3cd57dc99835e4979eb71cdbd5d12800ea289d9a13252f2"
deps = ["clocks", "filesystem", "http", "io", "logging", "poll", "random", "sockets", "wasi-cli-base"]

[random]
sha256 = "19d57f2262530016ec2b32991db3d8b6705b3a0bc5a7b6ae8fff3bcef0cf1088"
sha512 = "f9eba7dfd858d1edcaa868ce636f69545323bf010c3b0d4a2a1b23584d8027240c592d13e91882617e70a4dbf290754a8697724b5633147d11fa3db7869a2afe"

[sockets]
sha256 = "d5a51604d53eec88d2735356ce7089a0eeb06886262e7ad2fc74be6b4dd943b2"
sha512 = "99bd86c0c59174bc9dafc559ca7dbab1aa9ed04a9b54ae3f7bb2d974b3a97bae8846acf1d77232edecda0aef5b23b9e4010d53ebf4a1d04292581078763530b7"

[wasi-cli-base]
sha256 = "a0beee69392d2b55baff0b5f2285f50f717473b1369bdb3fbbfbefbaa3bd6c86"
sha512 = "d80eada98646bfeec1066437f1a4f69d67d117f38407f35c48d8b31667c171656059c5abf638c5b31169119ef5fa73bbf199933ac198f815f58281f124cb4f8d"
