# This file is automatically @generated by Cargo.
# It is not intended for manual editing.
[[package]]
name = "wasi-nn"
version = "0.1.0"
source = "registry+https://github.com/rust-lang/crates.io-index"
checksum = "0c909acded993dc129e02f64a7646eb7b53079f522a814024a88772f41558996"

[[package]]
name = "wasi-nn-example"
version = "0.19.0"
dependencies = [
 "wasi-nn",
]
