# This file is automatically generated.
# It is not intended for manual editing.
version = 1

[[packages]]
name = "wasi:cli"
registry = "wasi.dev"

[[packages.versions]]
requirement = "=0.2.6"
version = "0.2.6"
digest = "sha256:fdbe84136b3dd46d94305ef37f24f3cf04a70cc2026dca2592ac2ec0c9de15c7"

[[packages]]
name = "wasi:filesystem"
registry = "wasi.dev"

[[packages.versions]]
requirement = "=0.2.6"
version = "0.2.6"
digest = "sha256:7b735005e020ee3d727d995c05849c59bbf084b51a054013c0f0796c571e1ab0"

[[packages]]
name = "wasi:io"
registry = "wasi.dev"

[[packages.versions]]
requirement = "=0.2.6"
version = "0.2.6"
digest = "sha256:8e8ebc63a7670203b2a4868c2d0ba1d73b0ed0caa1c576edfd68762d7225a312"
